
Microsoft Visual Studio Solution File, Format Version 12.00
# Visual Studio 15
VisualStudioVersion = 15.0.27703.2000
MinimumVisualStudioVersion = 10.0.40219.1
Project("{FAE04EC0-301F-11D3-BF4B-00C04F79EFBC}") = "MvcMovie", "MvcMovie\MvcMovie.csproj", "{B27EF521-2190-449D-A91B-65106F4B9489}"
EndProject
Global
	GlobalSection(SolutionConfigurationPlatforms) = preSolution
		Debug|Any CPU = Debug|Any CPU
		Release|Any CPU = Release|Any CPU
	EndGlobalSection
	GlobalSection(ProjectConfigurationPlatforms) = postSolution
		{B27EF521-2190-449D-A91B-65106F4B9489}.Debug|Any CPU.ActiveCfg = Debug|Any CPU
		{B27EF521-2190-449D-A91B-65106F4B9489}.Debug|Any CPU.Build.0 = Debug|Any CPU
		{B27EF521-2190-449D-A91B-65106F4B9489}.Release|Any CPU.ActiveCfg = Release|Any CPU
		{B27EF521-2190-449D-A91B-65106F4B9489}.Release|Any CPU.Build.0 = Release|Any CPU
	EndGlobalSection
	GlobalSection(SolutionProperties) = preSolution
		HideSolutionNode = FALSE
	EndGlobalSection
	GlobalSection(ExtensibilityGlobals) = postSolution
		SolutionGuid = {EC981DDB-EA62-4877-8816-B6E067981A0C}
	EndGlobalSection
EndGlobal
